
Microsoft Visual Studio Solution File, Format Version 12.00
# Visual Studio Version 17
VisualStudioVersion = 17.0.31717.71
MinimumVisualStudioVersion = 10.0.40219.1
Project("{9A19103F-16F7-4668-BE54-9A1E7A4F7556}") = "BusinessManager.Client", "BusinessManager.Client.csproj", "{A8AE3001-51FA-4CA6-BE15-CF8CD756DA31}"
EndProject
Global
	GlobalSection(SolutionConfigurationPlatforms) = preSolution
		Debug|Any CPU = Debug|Any CPU
		Release|Any CPU = Release|Any CPU
	EndGlobalSection
	GlobalSection(ProjectConfigurationPlatforms) = postSolution
		{A8AE3001-51FA-4CA6-BE15-CF8CD756DA31}.Debug|Any CPU.ActiveCfg = Debug|Any CPU
		{A8AE3001-51FA-4CA6-BE15-CF8CD756DA31}.Debug|Any CPU.Build.0 = Debug|Any CPU
		{A8AE3001-51FA-4CA6-BE15-CF8CD756DA31}.Release|Any CPU.ActiveCfg = Release|Any CPU
		{A8AE3001-51FA-4CA6-BE15-CF8CD756DA31}.Release|Any CPU.Build.0 = Release|Any CPU
	EndGlobalSection
	GlobalSection(SolutionProperties) = preSolution
		HideSolutionNode = FALSE
	EndGlobalSection
	GlobalSection(ExtensibilityGlobals) = postSolution
		SolutionGuid = {62F7F5D5-A326-4D1B-8F2C-6C352711AF9D}
	EndGlobalSection
EndGlobal